
Microsoft Visual Studio Solution File, Format Version 12.00
# Visual Studio Version 17
VisualStudioVersion = 17.14.36221.1 d17.14
MinimumVisualStudioVersion = 10.0.40219.1
Project("{FAE04EC0-301F-11D3-BF4B-00C04F79EFBC}") = "24SOECE13010_Rahul_", "24SOECE13010_Rahul_\24SOECE13010_Rahul_.csproj", "{866BCE92-0063-4EE6-9B7E-EFE9A4BBD2C7}"
EndProject
Global
	GlobalSection(SolutionConfigurationPlatforms) = preSolution
		Debug|Any CPU = Debug|Any CPU
		Release|Any CPU = Release|Any CPU
	EndGlobalSection
	GlobalSection(ProjectConfigurationPlatforms) = postSolution
		{866BCE92-0063-4EE6-9B7E-EFE9A4BBD2C7}.Debug|Any CPU.ActiveCfg = Debug|Any CPU
		{866BCE92-0063-4EE6-9B7E-EFE9A4BBD2C7}.Debug|Any CPU.Build.0 = Debug|Any CPU
		{866BCE92-0063-4EE6-9B7E-EFE9A4BBD2C7}.Release|Any CPU.ActiveCfg = Release|Any CPU
		{866BCE92-0063-4EE6-9B7E-EFE9A4BBD2C7}.Release|Any CPU.Build.0 = Release|Any CPU
	EndGlobalSection
	GlobalSection(SolutionProperties) = preSolution
		HideSolutionNode = FALSE
	EndGlobalSection
	GlobalSection(ExtensibilityGlobals) = postSolution
		SolutionGuid = {2AFC304C-3335-460C-B09F-D3A182608D90}
	EndGlobalSection
EndGlobal
